
Microsoft Visual Studio Solution File, Format Version 12.00
# Visual Studio Version 16
VisualStudioVersion = 16.0.30621.155
MinimumVisualStudioVersion = 10.0.40219.1
Project("{FAE04EC0-301F-11D3-BF4B-00C04F79EFBC}") = "Examen1BastidasReinaKen", "Examen1BastidasReinaKen\Examen1BastidasReinaKen.csproj", "{6757F315-649E-423B-92BF-9741C0279D87}"
EndProject
Global
	GlobalSection(SolutionConfigurationPlatforms) = preSolution
		Debug|Any CPU = Debug|Any CPU
		Release|Any CPU = Release|Any CPU
	EndGlobalSection
	GlobalSection(ProjectConfigurationPlatforms) = postSolution
		{6757F315-649E-423B-92BF-9741C0279D87}.Debug|Any CPU.ActiveCfg = Debug|Any CPU
		{6757F315-649E-423B-92BF-9741C0279D87}.Debug|Any CPU.Build.0 = Debug|Any CPU
		{6757F315-649E-423B-92BF-9741C0279D87}.Release|Any CPU.ActiveCfg = Release|Any CPU
		{6757F315-649E-423B-92BF-9741C0279D87}.Release|Any CPU.Build.0 = Release|Any CPU
	EndGlobalSection
	GlobalSection(SolutionProperties) = preSolution
		HideSolutionNode = FALSE
	EndGlobalSection
	GlobalSection(ExtensibilityGlobals) = postSolution
		SolutionGuid = {0C7FDEEA-2CD1-4110-B9C3-DA0CE26A127C}
	EndGlobalSection
EndGlobal
